{
  "name": "@surishortlink/deploy-github",
  "version": "1.0.0",
  "lockfileVersion": 3,
  "requires": true,
  "packages": {
    "": {
      "name": "@surishortlink/deploy-github",
      "version": "1.0.0",
      "license": "MIT",
      "devDependencies": {
        "@surishortlink/suri": "^1"
      },
      "engines": {
        "node": ">=18"
      }
    },
    "node_modules/@surishortlink/suri": {
      "version": "1.0.0",
      "resolved": "https://registry.npmjs.org/@surishortlink/suri/-/suri-1.0.0.tgz",
      "integrity": "sha512-iPp4OaZviA7HQqbOfhEMk6cRP7yl7+NDiuGEPBLS4SRF5+iNFJRwmPACBJ9TvHMZDH6Jus0XQsRnq6JBIPpFqw==",
      "dev": true,
      "bin": {
        "suri": "bin/suri.js"
      },
      "engines": {
        "node": ">=18"
      }
    }
  }
}
